Microsoft Visual Studio Solution File, Format Version 12.00
# Visual Studio Version 17
VisualStudioVersion = 17.5.2.0
MinimumVisualStudioVersion = 10.0.40219.1
Project("{2150E333-8FDC-42A3-9474-1A3956D46DE8}") = "Muckesh", "Muckesh", "{F0C0741C-767E-0F2E-AECA-B5A8D61AFAC6}"
EndProject
Project("{2150E333-8FDC-42A3-9474-1A3956D46DE8}") = "Presidio", "Presidio", "{53B469D4-9179-9161-082D-6542F7801CC8}"
EndProject
Project("{2150E333-8FDC-42A3-9474-1A3956D46DE8}") = "Genspark-Training", "Genspark-Training", "{07C61CD4-2B26-ED61-7E84-BB39C741E112}"
EndProject
Project("{2150E333-8FDC-42A3-9474-1A3956D46DE8}") = "Day-16-May26", "Day-16-May26", "{1CAAD7DA-55B0-DD83-22A1-B012EDC2A61C}"
EndProject
Project("{FAE04EC0-301F-11D3-BF4B-00C04F79EFBC}") = "FirstAPI", "Muckesh\Presidio\Genspark-Training\Day-16-May26\FirstAPI\FirstAPI.csproj", "{4658626A-E553-8F35-3E7A-42D859F5AD8A}"
EndProject
Project("{2150E333-8FDC-42A3-9474-1A3956D46DE8}") = "Day-12-May20", "Day-12-May20", "{9194859B-3D74-B633-F493-35001CDB1FA8}"
EndProject
Project("{FAE04EC0-301F-11D3-BF4B-00C04F79EFBC}") = "task-1", "Muckesh\Presidio\Genspark-Training\Day-12-May20\task-1\task-1.csproj", "{A2571F47-C5D8-3B5F-C665-5C989B86E7B1}"
EndProject
Project("{FAE04EC0-301F-11D3-BF4B-00C04F79EFBC}") = "EmployeeHard", "Muckesh\Presidio\Genspark-Training\Day-12-May20\EmployeeHard\EmployeeHard.csproj", "{0ED4D482-CD83-BF76-AC37-4BB332BE1A90}"
EndProject
Project("{FAE04EC0-301F-11D3-BF4B-00C04F79EFBC}") = "EmployeeMedium", "Muckesh\Presidio\Genspark-Training\Day-12-May20\EmployeeMedium\EmployeeMedium.csproj", "{2BD70142-C718-8A53-C8C1-B33870F72A2F}"
EndProject
Project("{FAE04EC0-301F-11D3-BF4B-00C04F79EFBC}") = "EmployeeEasy", "Muckesh\Presidio\Genspark-Training\Day-12-May20\EmployeeEasy\EmployeeEasy.csproj", "{D4E604FC-921E-7E28-1CCF-D94F5AC6F0B7}"
EndProject
Project("{2150E333-8FDC-42A3-9474-1A3956D46DE8}") = "Day-17-May27", "Day-17-May27", "{E2E6E3CC-73D4-9412-9B3D-800CC24DA39A}"
EndProject
Project("{FAE04EC0-301F-11D3-BF4B-00C04F79EFBC}") = "twitter", "Muckesh\Presidio\Genspark-Training\Day-17-May27\twitter\twitter.csproj", "{9431A4D6-BD56-9CD0-5AFF-BB3250F935B2}"
EndProject
Project("{FAE04EC0-301F-11D3-BF4B-00C04F79EFBC}") = "FirstApi", "Muckesh\Presidio\Genspark-Training\Day-17-May27\FirstApi\FirstApi.csproj", "{03877B15-34D8-3391-5618-693AB529DA90}"
EndProject
Project("{2150E333-8FDC-42A3-9474-1A3956D46DE8}") = "Day-11-May19", "Day-11-May19", "{1C58FEE6-7C34-B6FC-BE32-D7EF9A1198D4}"
EndProject
Project("{FAE04EC0-301F-11D3-BF4B-00C04F79EFBC}") = "greet", "Muckesh\Presidio\Genspark-Training\Day-11-May19\greet\greet.csproj", "{A8F15409-2069-FB83-C031-761CE19BB5AD}"
EndProject
Project("{FAE04EC0-301F-11D3-BF4B-00C04F79EFBC}") = "Q8", "Muckesh\Presidio\Genspark-Training\Day-11-May19\Q8\Q8.csproj", "{944479FB-823C-895A-7FDB-12159BA5C38E}"
EndProject
Project("{FAE04EC0-301F-11D3-BF4B-00C04F79EFBC}") = "Q6", "Muckesh\Presidio\Genspark-Training\Day-11-May19\Q6\Q6.csproj", "{2AB52237-C893-6205-19CD-3D3E06EEA04D}"
EndProject
Project("{FAE04EC0-301F-11D3-BF4B-00C04F79EFBC}") = "Q7", "Muckesh\Presidio\Genspark-Training\Day-11-May19\Q7\Q7.csproj", "{8554CA6F-C4AA-7579-19B8-AC29516D4348}"
EndProject
Project("{FAE04EC0-301F-11D3-BF4B-00C04F79EFBC}") = "Q9", "Muckesh\Presidio\Genspark-Training\Day-11-May19\Q9\Q9.csproj", "{9C984BCC-E2F6-0414-5C57-0F7BC42083E8}"
EndProject
Project("{FAE04EC0-301F-11D3-BF4B-00C04F79EFBC}") = "Q12", "Muckesh\Presidio\Genspark-Training\Day-11-May19\Q12\Q12.csproj", "{81F420D5-21E6-131A-BDE9-530927BA05B2}"
EndProject
Project("{FAE04EC0-301F-11D3-BF4B-00C04F79EFBC}") = "Q10", "Muckesh\Presidio\Genspark-Training\Day-11-May19\Q10\Q10.csproj", "{C7CB95E9-998F-4E15-EA53-A2945B22A44F}"
EndProject
Project("{FAE04EC0-301F-11D3-BF4B-00C04F79EFBC}") = "Q2", "Muckesh\Presidio\Genspark-Training\Day-11-May19\Q2\Q2.csproj", "{76042F88-A388-3B13-B0EA-7287B0C10F88}"
EndProject
Project("{FAE04EC0-301F-11D3-BF4B-00C04F79EFBC}") = "Q5", "Muckesh\Presidio\Genspark-Training\Day-11-May19\Q5\Q5.csproj", "{57085D29-0560-960A-A716-6634C7ABE8F6}"
EndProject
Project("{FAE04EC0-301F-11D3-BF4B-00C04F79EFBC}") = "Q11", "Muckesh\Presidio\Genspark-Training\Day-11-May19\Q11\Q11.csproj", "{FBD85323-9094-4D5F-C584-61DB01A88CB7}"
EndProject
Project("{FAE04EC0-301F-11D3-BF4B-00C04F79EFBC}") = "Q4", "Muckesh\Presidio\Genspark-Training\Day-11-May19\Q4\Q4.csproj", "{B6B63E5E-9E75-1A97-0E31-290E219E8E4F}"
EndProject
Project("{FAE04EC0-301F-11D3-BF4B-00C04F79EFBC}") = "Q3", "Muckesh\Presidio\Genspark-Training\Day-11-May19\Q3\Q3.csproj", "{E70CEE95-23D4-44FE-7EFA-AFEADF6A9B52}"
EndProject
Project("{2150E333-8FDC-42A3-9474-1A3956D46DE8}") = "Day-13-May21", "Day-13-May21", "{54C24997-06EF-48C9-E7E6-FAD0505B64F0}"
EndProject
Project("{FAE04EC0-301F-11D3-BF4B-00C04F79EFBC}") = "AppointmentsManager", "Muckesh\Presidio\Genspark-Training\Day-13-May21\AppointmentsManager\AppointmentsManager.csproj", "{F96F41B7-665F-65AF-6597-FE58133602A4}"
EndProject
Project("{FAE04EC0-301F-11D3-BF4B-00C04F79EFBC}") = "WholeApplication", "Muckesh\Presidio\Genspark-Training\Day-13-May21\WholeApplication\WholeApplication.csproj", "{97B0B231-08CF-4FFF-8FB7-40951251CB85}"
EndProject
Project("{2150E333-8FDC-42A3-9474-1A3956D46DE8}") = "Day-14-May22", "Day-14-May22", "{12185CF8-1BD7-FFCE-1513-226A64EA12E0}"
EndProject
Project("{FAE04EC0-301F-11D3-BF4B-00C04F79EFBC}") = "solid", "Muckesh\Presidio\Genspark-Training\Day-14-May22\solid\solid.csproj", "{1491A2CB-0562-CB4F-B412-B3517CD65EC5}"
EndProject
Project("{FAE04EC0-301F-11D3-BF4B-00C04F79EFBC}") = "delegates", "Muckesh\Presidio\Genspark-Training\Day-14-May22\delegates\delegates.csproj", "{7364B91B-8ABF-640E-2B83-A7584E56B0D9}"
EndProject
Project("{2150E333-8FDC-42A3-9474-1A3956D46DE8}") = "Day-15-May23", "Day-15-May23", "{31FE4AEA-5DB4-3C4E-C7AB-6BDD889B91E0}"
EndProject
Project("{FAE04EC0-301F-11D3-BF4B-00C04F79EFBC}") = "proxy", "Muckesh\Presidio\Genspark-Training\Day-15-May23\proxy\proxy.csproj", "{E29228B4-8568-BA30-B6E4-A62888B3915E}"
EndProject
Project("{FAE04EC0-301F-11D3-BF4B-00C04F79EFBC}") = "singleton", "Muckesh\Presidio\Genspark-Training\Day-15-May23\singleton\singleton.csproj", "{3C3358B0-E362-1110-368E-DC3F1DA932CD}"
EndProject
Project("{FAE04EC0-301F-11D3-BF4B-00C04F79EFBC}") = "factory", "Muckesh\Presidio\Genspark-Training\Day-15-May23\factory\factory.csproj", "{8E674806-1EFF-9295-C74C-81A493F3B84A}"
EndProject
Project("{2150E333-8FDC-42A3-9474-1A3956D46DE8}") = "Day-18-May28", "Day-18-May28", "{12453D42-D533-9128-30C2-507EBDA15721}"
EndProject
Project("{FAE04EC0-301F-11D3-BF4B-00C04F79EFBC}") = "FirstApi", "Muckesh\Presidio\Genspark-Training\Day-18-May28\FirstApi\FirstApi.csproj", "{E84DB1E5-DDCD-4E6E-1DE8-9887703029EF}"
EndProject
Global
	GlobalSection(SolutionConfigurationPlatforms) = preSolution
		Debug|Any CPU = Debug|Any CPU
		Release|Any CPU = Release|Any CPU
	EndGlobalSection
	GlobalSection(ProjectConfigurationPlatforms) = postSolution
		{4658626A-E553-8F35-3E7A-42D859F5AD8A}.Debug|Any CPU.ActiveCfg = Debug|Any CPU
		{4658626A-E553-8F35-3E7A-42D859F5AD8A}.Debug|Any CPU.Build.0 = Debug|Any CPU
		{4658626A-E553-8F35-3E7A-42D859F5AD8A}.Release|Any CPU.ActiveCfg = Release|Any CPU
		{4658626A-E553-8F35-3E7A-42D859F5AD8A}.Release|Any CPU.Build.0 = Release|Any CPU
		{A2571F47-C5D8-3B5F-C665-5C989B86E7B1}.Debug|Any CPU.ActiveCfg = Debug|Any CPU
		{A2571F47-C5D8-3B5F-C665-5C989B86E7B1}.Debug|Any CPU.Build.0 = Debug|Any CPU
		{A2571F47-C5D8-3B5F-C665-5C989B86E7B1}.Release|Any CPU.ActiveCfg = Release|Any CPU
		{A2571F47-C5D8-3B5F-C665-5C989B86E7B1}.Release|Any CPU.Build.0 = Release|Any CPU
		{0ED4D482-CD83-BF76-AC37-4BB332BE1A90}.Debug|Any CPU.ActiveCfg = Debug|Any CPU
		{0ED4D482-CD83-BF76-AC37-4BB332BE1A90}.Debug|Any CPU.Build.0 = Debug|Any CPU
		{0ED4D482-CD83-BF76-AC37-4BB332BE1A90}.Release|Any CPU.ActiveCfg = Release|Any CPU
		{0ED4D482-CD83-BF76-AC37-4BB332BE1A90}.Release|Any CPU.Build.0 = Release|Any CPU
		{2BD70142-C718-8A53-C8C1-B33870F72A2F}.Debug|Any CPU.ActiveCfg = Debug|Any CPU
		{2BD70142-C718-8A53-C8C1-B33870F72A2F}.Debug|Any CPU.Build.0 = Debug|Any CPU
		{2BD70142-C718-8A53-C8C1-B33870F72A2F}.Release|Any CPU.ActiveCfg = Release|Any CPU
		{2BD70142-C718-8A53-C8C1-B33870F72A2F}.Release|Any CPU.Build.0 = Release|Any CPU
		{D4E604FC-921E-7E28-1CCF-D94F5AC6F0B7}.Debug|Any CPU.ActiveCfg = Debug|Any CPU
		{D4E604FC-921E-7E28-1CCF-D94F5AC6F0B7}.Debug|Any CPU.Build.0 = Debug|Any CPU
		{D4E604FC-921E-7E28-1CCF-D94F5AC6F0B7}.Release|Any CPU.ActiveCfg = Release|Any CPU
		{D4E604FC-921E-7E28-1CCF-D94F5AC6F0B7}.Release|Any CPU.Build.0 = Release|Any CPU
		{9431A4D6-BD56-9CD0-5AFF-BB3250F935B2}.Debug|Any CPU.ActiveCfg = Debug|Any CPU
		{9431A4D6-BD56-9CD0-5AFF-BB3250F935B2}.Debug|Any CPU.Build.0 = Debug|Any CPU
		{9431A4D6-BD56-9CD0-5AFF-BB3250F935B2}.Release|Any CPU.ActiveCfg = Release|Any CPU
		{9431A4D6-BD56-9CD0-5AFF-BB3250F935B2}.Release|Any CPU.Build.0 = Release|Any CPU
		{03877B15-34D8-3391-5618-693AB529DA90}.Debug|Any CPU.ActiveCfg = Debug|Any CPU
		{03877B15-34D8-3391-5618-693AB529DA90}.Debug|Any CPU.Build.0 = Debug|Any CPU
		{03877B15-34D8-3391-5618-693AB529DA90}.Release|Any CPU.ActiveCfg = Release|Any CPU
		{03877B15-34D8-3391-5618-693AB529DA90}.Release|Any CPU.Build.0 = Release|Any CPU
		{A8F15409-2069-FB83-C031-761CE19BB5AD}.Debug|Any CPU.ActiveCfg = Debug|Any CPU
		{A8F15409-2069-FB83-C031-761CE19BB5AD}.Debug|Any CPU.Build.0 = Debug|Any CPU
		{A8F15409-2069-FB83-C031-761CE19BB5AD}.Release|Any CPU.ActiveCfg = Release|Any CPU
		{A8F15409-2069-FB83-C031-761CE19BB5AD}.Release|Any CPU.Build.0 = Release|Any CPU
		{944479FB-823C-895A-7FDB-12159BA5C38E}.Debug|Any CPU.ActiveCfg = Debug|Any CPU
		{944479FB-823C-895A-7FDB-12159BA5C38E}.Debug|Any CPU.Build.0 = Debug|Any CPU
		{944479FB-823C-895A-7FDB-12159BA5C38E}.Release|Any CPU.ActiveCfg = Release|Any CPU
		{944479FB-823C-895A-7FDB-12159BA5C38E}.Release|Any CPU.Build.0 = Release|Any CPU
		{2AB52237-C893-6205-19CD-3D3E06EEA04D}.Debug|Any CPU.ActiveCfg = Debug|Any CPU
		{2AB52237-C893-6205-19CD-3D3E06EEA04D}.Debug|Any CPU.Build.0 = Debug|Any CPU
		{2AB52237-C893-6205-19CD-3D3E06EEA04D}.Release|Any CPU.ActiveCfg = Release|Any CPU
		{2AB52237-C893-6205-19CD-3D3E06EEA04D}.Release|Any CPU.Build.0 = Release|Any CPU
		{8554CA6F-C4AA-7579-19B8-AC29516D4348}.Debug|Any CPU.ActiveCfg = Debug|Any CPU
		{8554CA6F-C4AA-7579-19B8-AC29516D4348}.Debug|Any CPU.Build.0 = Debug|Any CPU
		{8554CA6F-C4AA-7579-19B8-AC29516D4348}.Release|Any CPU.ActiveCfg = Release|Any CPU
		{8554CA6F-C4AA-7579-19B8-AC29516D4348}.Release|Any CPU.Build.0 = Release|Any CPU
		{9C984BCC-E2F6-0414-5C57-0F7BC42083E8}.Debug|Any CPU.ActiveCfg = Debug|Any CPU
		{9C984BCC-E2F6-0414-5C57-0F7BC42083E8}.Debug|Any CPU.Build.0 = Debug|Any CPU
		{9C984BCC-E2F6-0414-5C57-0F7BC42083E8}.Release|Any CPU.ActiveCfg = Release|Any CPU
		{9C984BCC-E2F6-0414-5C57-0F7BC42083E8}.Release|Any CPU.Build.0 = Release|Any CPU
		{81F420D5-21E6-131A-BDE9-530927BA05B2}.Debug|Any CPU.ActiveCfg = Debug|Any CPU
		{81F420D5-21E6-131A-BDE9-530927BA05B2}.Debug|Any CPU.Build.0 = Debug|Any CPU
		{81F420D5-21E6-131A-BDE9-530927BA05B2}.Release|Any CPU.ActiveCfg = Release|Any CPU
		{81F420D5-21E6-131A-BDE9-530927BA05B2}.Release|Any CPU.Build.0 = Release|Any CPU
		{C7CB95E9-998F-4E15-EA53-A2945B22A44F}.Debug|Any CPU.ActiveCfg = Debug|Any CPU
		{C7CB95E9-998F-4E15-EA53-A2945B22A44F}.Debug|Any CPU.Build.0 = Debug|Any CPU
		{C7CB95E9-998F-4E15-EA53-A2945B22A44F}.Release|Any CPU.ActiveCfg = Release|Any CPU
		{C7CB95E9-998F-4E15-EA53-A2945B22A44F}.Release|Any CPU.Build.0 = Release|Any CPU
		{76042F88-A388-3B13-B0EA-7287B0C10F88}.Debug|Any CPU.ActiveCfg = Debug|Any CPU
		{76042F88-A388-3B13-B0EA-7287B0C10F88}.Debug|Any CPU.Build.0 = Debug|Any CPU
		{76042F88-A388-3B13-B0EA-7287B0C10F88}.Release|Any CPU.ActiveCfg = Release|Any CPU
		{76042F88-A388-3B13-B0EA-7287B0C10F88}.Release|Any CPU.Build.0 = Release|Any CPU
		{57085D29-0560-960A-A716-6634C7ABE8F6}.Debug|Any CPU.ActiveCfg = Debug|Any CPU
		{57085D29-0560-960A-A716-6634C7ABE8F6}.Debug|Any CPU.Build.0 = Debug|Any CPU
		{57085D29-0560-960A-A716-6634C7ABE8F6}.Release|Any CPU.ActiveCfg = Release|Any CPU
		{57085D29-0560-960A-A716-6634C7ABE8F6}.Release|Any CPU.Build.0 = Release|Any CPU
		{FBD85323-9094-4D5F-C584-61DB01A88CB7}.Debug|Any CPU.ActiveCfg = Debug|Any CPU
		{FBD85323-9094-4D5F-C584-61DB01A88CB7}.Debug|Any CPU.Build.0 = Debug|Any CPU
		{FBD85323-9094-4D5F-C584-61DB01A88CB7}.Release|Any CPU.ActiveCfg = Release|Any CPU
		{FBD85323-9094-4D5F-C584-61DB01A88CB7}.Release|Any CPU.Build.0 = Release|Any CPU
		{B6B63E5E-9E75-1A97-0E31-290E219E8E4F}.Debug|Any CPU.ActiveCfg = Debug|Any CPU
		{B6B63E5E-9E75-1A97-0E31-290E219E8E4F}.Debug|Any CPU.Build.0 = Debug|Any CPU
		{B6B63E5E-9E75-1A97-0E31-290E219E8E4F}.Release|Any CPU.ActiveCfg = Release|Any CPU
		{B6B63E5E-9E75-1A97-0E31-290E219E8E4F}.Release|Any CPU.Build.0 = Release|Any CPU
		{E70CEE95-23D4-44FE-7EFA-AFEADF6A9B52}.Debug|Any CPU.ActiveCfg = Debug|Any CPU
		{E70CEE95-23D4-44FE-7EFA-AFEADF6A9B52}.Debug|Any CPU.Build.0 = Debug|Any CPU
		{E70CEE95-23D4-44FE-7EFA-AFEADF6A9B52}.Release|Any CPU.ActiveCfg = Release|Any CPU
		{E70CEE95-23D4-44FE-7EFA-AFEADF6A9B52}.Release|Any CPU.Build.0 = Release|Any CPU
		{F96F41B7-665F-65AF-6597-FE58133602A4}.Debug|Any CPU.ActiveCfg = Debug|Any CPU
		{F96F41B7-665F-65AF-6597-FE58133602A4}.Debug|Any CPU.Build.0 = Debug|Any CPU
		{F96F41B7-665F-65AF-6597-FE58133602A4}.Release|Any CPU.ActiveCfg = Release|Any CPU
		{F96F41B7-665F-65AF-6597-FE58133602A4}.Release|Any CPU.Build.0 = Release|Any CPU
		{97B0B231-08CF-4FFF-8FB7-40951251CB85}.Debug|Any CPU.ActiveCfg = Debug|Any CPU
		{97B0B231-08CF-4FFF-8FB7-40951251CB85}.Debug|Any CPU.Build.0 = Debug|Any CPU
		{97B0B231-08CF-4FFF-8FB7-40951251CB85}.Release|Any CPU.ActiveCfg = Release|Any CPU
		{97B0B231-08CF-4FFF-8FB7-40951251CB85}.Release|Any CPU.Build.0 = Release|Any CPU
		{1491A2CB-0562-CB4F-B412-B3517CD65EC5}.Debug|Any CPU.ActiveCfg = Debug|Any CPU
		{1491A2CB-0562-CB4F-B412-B3517CD65EC5}.Debug|Any CPU.Build.0 = Debug|Any CPU
		{1491A2CB-0562-CB4F-B412-B3517CD65EC5}.Release|Any CPU.ActiveCfg = Release|Any CPU
		{1491A2CB-0562-CB4F-B412-B3517CD65EC5}.Release|Any CPU.Build.0 = Release|Any CPU
		{7364B91B-8ABF-640E-2B83-A7584E56B0D9}.Debug|Any CPU.ActiveCfg = Debug|Any CPU
		{7364B91B-8ABF-640E-2B83-A7584E56B0D9}.Debug|Any CPU.Build.0 = Debug|Any CPU
		{7364B91B-8ABF-640E-2B83-A7584E56B0D9}.Release|Any CPU.ActiveCfg = Release|Any CPU
		{7364B91B-8ABF-640E-2B83-A7584E56B0D9}.Release|Any CPU.Build.0 = Release|Any CPU
		{E29228B4-8568-BA30-B6E4-A62888B3915E}.Debug|Any CPU.ActiveCfg = Debug|Any CPU
		{E29228B4-8568-BA30-B6E4-A62888B3915E}.Debug|Any CPU.Build.0 = Debug|Any CPU
		{E29228B4-8568-BA30-B6E4-A62888B3915E}.Release|Any CPU.ActiveCfg = Release|Any CPU
		{E29228B4-8568-BA30-B6E4-A62888B3915E}.Release|Any CPU.Build.0 = Release|Any CPU
		{3C3358B0-E362-1110-368E-DC3F1DA932CD}.Debug|Any CPU.ActiveCfg = Debug|Any CPU
		{3C3358B0-E362-1110-368E-DC3F1DA932CD}.Debug|Any CPU.Build.0 = Debug|Any CPU
		{3C3358B0-E362-1110-368E-DC3F1DA932CD}.Release|Any CPU.ActiveCfg = Release|Any CPU
		{3C3358B0-E362-1110-368E-DC3F1DA932CD}.Release|Any CPU.Build.0 = Release|Any CPU
		{8E674806-1EFF-9295-C74C-81A493F3B84A}.Debug|Any CPU.ActiveCfg = Debug|Any CPU
		{8E674806-1EFF-9295-C74C-81A493F3B84A}.Debug|Any CPU.Build.0 = Debug|Any CPU
		{8E674806-1EFF-9295-C74C-81A493F3B84A}.Release|Any CPU.ActiveCfg = Release|Any CPU
		{8E674806-1EFF-9295-C74C-81A493F3B84A}.Release|Any CPU.Build.0 = Release|Any CPU
		{E84DB1E5-DDCD-4E6E-1DE8-9887703029EF}.Debug|Any CPU.ActiveCfg = Debug|Any CPU
		{E84DB1E5-DDCD-4E6E-1DE8-9887703029EF}.Debug|Any CPU.Build.0 = Debug|Any CPU
		{E84DB1E5-DDCD-4E6E-1DE8-9887703029EF}.Release|Any CPU.ActiveCfg = Release|Any CPU
		{E84DB1E5-DDCD-4E6E-1DE8-9887703029EF}.Release|Any CPU.Build.0 = Release|Any CPU
	EndGlobalSection
	GlobalSection(SolutionProperties) = preSolution
		HideSolutionNode = FALSE
	EndGlobalSection
	GlobalSection(NestedProjects) = preSolution
		{53B469D4-9179-9161-082D-6542F7801CC8} = {F0C0741C-767E-0F2E-AECA-B5A8D61AFAC6}
		{07C61CD4-2B26-ED61-7E84-BB39C741E112} = {53B469D4-9179-9161-082D-6542F7801CC8}
		{1CAAD7DA-55B0-DD83-22A1-B012EDC2A61C} = {07C61CD4-2B26-ED61-7E84-BB39C741E112}
		{4658626A-E553-8F35-3E7A-42D859F5AD8A} = {1CAAD7DA-55B0-DD83-22A1-B012EDC2A61C}
		{9194859B-3D74-B633-F493-35001CDB1FA8} = {07C61CD4-2B26-ED61-7E84-BB39C741E112}
		{A2571F47-C5D8-3B5F-C665-5C989B86E7B1} = {9194859B-3D74-B633-F493-35001CDB1FA8}
		{0ED4D482-CD83-BF76-AC37-4BB332BE1A90} = {9194859B-3D74-B633-F493-35001CDB1FA8}
		{2BD70142-C718-8A53-C8C1-B33870F72A2F} = {9194859B-3D74-B633-F493-35001CDB1FA8}
		{D4E604FC-921E-7E28-1CCF-D94F5AC6F0B7} = {9194859B-3D74-B633-F493-35001CDB1FA8}
		{E2E6E3CC-73D4-9412-9B3D-800CC24DA39A} = {07C61CD4-2B26-ED61-7E84-BB39C741E112}
		{9431A4D6-BD56-9CD0-5AFF-BB3250F935B2} = {E2E6E3CC-73D4-9412-9B3D-800CC24DA39A}
		{03877B15-34D8-3391-5618-693AB529DA90} = {E2E6E3CC-73D4-9412-9B3D-800CC24DA39A}
		{1C58FEE6-7C34-B6FC-BE32-D7EF9A1198D4} = {07C61CD4-2B26-ED61-7E84-BB39C741E112}
		{A8F15409-2069-FB83-C031-761CE19BB5AD} = {1C58FEE6-7C34-B6FC-BE32-D7EF9A1198D4}
		{944479FB-823C-895A-7FDB-12159BA5C38E} = {1C58FEE6-7C34-B6FC-BE32-D7EF9A1198D4}
		{2AB52237-C893-6205-19CD-3D3E06EEA04D} = {1C58FEE6-7C34-B6FC-BE32-D7EF9A1198D4}
		{8554CA6F-C4AA-7579-19B8-AC29516D4348} = {1C58FEE6-7C34-B6FC-BE32-D7EF9A1198D4}
		{9C984BCC-E2F6-0414-5C57-0F7BC42083E8} = {1C58FEE6-7C34-B6FC-BE32-D7EF9A1198D4}
		{81F420D5-21E6-131A-BDE9-530927BA05B2} = {1C58FEE6-7C34-B6FC-BE32-D7EF9A1198D4}
		{C7CB95E9-998F-4E15-EA53-A2945B22A44F} = {1C58FEE6-7C34-B6FC-BE32-D7EF9A1198D4}
		{76042F88-A388-3B13-B0EA-7287B0C10F88} = {1C58FEE6-7C34-B6FC-BE32-D7EF9A1198D4}
		{57085D29-0560-960A-A716-6634C7ABE8F6} = {1C58FEE6-7C34-B6FC-BE32-D7EF9A1198D4}
		{FBD85323-9094-4D5F-C584-61DB01A88CB7} = {1C58FEE6-7C34-B6FC-BE32-D7EF9A1198D4}
		{B6B63E5E-9E75-1A97-0E31-290E219E8E4F} = {1C58FEE6-7C34-B6FC-BE32-D7EF9A1198D4}
		{E70CEE95-23D4-44FE-7EFA-AFEADF6A9B52} = {1C58FEE6-7C34-B6FC-BE32-D7EF9A1198D4}
		{54C24997-06EF-48C9-E7E6-FAD0505B64F0} = {07C61CD4-2B26-ED61-7E84-BB39C741E112}
		{F96F41B7-665F-65AF-6597-FE58133602A4} = {54C24997-06EF-48C9-E7E6-FAD0505B64F0}
		{97B0B231-08CF-4FFF-8FB7-40951251CB85} = {54C24997-06EF-48C9-E7E6-FAD0505B64F0}
		{12185CF8-1BD7-FFCE-1513-226A64EA12E0} = {07C61CD4-2B26-ED61-7E84-BB39C741E112}
		{1491A2CB-0562-CB4F-B412-B3517CD65EC5} = {12185CF8-1BD7-FFCE-1513-226A64EA12E0}
		{7364B91B-8ABF-640E-2B83-A7584E56B0D9} = {12185CF8-1BD7-FFCE-1513-226A64EA12E0}
		{31FE4AEA-5DB4-3C4E-C7AB-6BDD889B91E0} = {07C61CD4-2B26-ED61-7E84-BB39C741E112}
		{E29228B4-8568-BA30-B6E4-A62888B3915E} = {31FE4AEA-5DB4-3C4E-C7AB-6BDD889B91E0}
		{3C3358B0-E362-1110-368E-DC3F1DA932CD} = {31FE4AEA-5DB4-3C4E-C7AB-6BDD889B91E0}
		{8E674806-1EFF-9295-C74C-81A493F3B84A} = {31FE4AEA-5DB4-3C4E-C7AB-6BDD889B91E0}
		{12453D42-D533-9128-30C2-507EBDA15721} = {07C61CD4-2B26-ED61-7E84-BB39C741E112}
		{E84DB1E5-DDCD-4E6E-1DE8-9887703029EF} = {12453D42-D533-9128-30C2-507EBDA15721}
	EndGlobalSection
	GlobalSection(ExtensibilityGlobals) = postSolution
		SolutionGuid = {48599DAA-8A19-475B-BA5F-516AE75DF1A0}
	EndGlobalSection
EndGlobal
