Microsoft Visual Studio Solution File, Format Version 12.00
# Visual Studio Version 17
VisualStudioVersion = 17.5.2.0
MinimumVisualStudioVersion = 10.0.40219.1
Project("{FAE04EC0-301F-11D3-BF4B-00C04F79EFBC}") = "VideoPortalAPi", "VideoPortalAPi.csproj", "{13F422F6-563E-9E95-F99B-6FEEF65194E1}"
EndProject
Global
	GlobalSection(SolutionConfigurationPlatforms) = preSolution
		Debug|Any CPU = Debug|Any CPU
		Release|Any CPU = Release|Any CPU
	EndGlobalSection
	GlobalSection(ProjectConfigurationPlatforms) = postSolution
		{13F422F6-563E-9E95-F99B-6FEEF65194E1}.Debug|Any CPU.ActiveCfg = Debug|Any CPU
		{13F422F6-563E-9E95-F99B-6FEEF65194E1}.Debug|Any CPU.Build.0 = Debug|Any CPU
		{13F422F6-563E-9E95-F99B-6FEEF65194E1}.Release|Any CPU.ActiveCfg = Release|Any CPU
		{13F422F6-563E-9E95-F99B-6FEEF65194E1}.Release|Any CPU.Build.0 = Release|Any CPU
	EndGlobalSection
	GlobalSection(SolutionProperties) = preSolution
		HideSolutionNode = FALSE
	EndGlobalSection
	GlobalSection(ExtensibilityGlobals) = postSolution
		SolutionGuid = {DB354A7B-9649-45FB-9A9A-E46CFFF4402D}
	EndGlobalSection
EndGlobal
