Microsoft Visual Studio Solution File, Format Version 12.00
# Visual Studio Version 17
VisualStudioVersion = 17.5.2.0
MinimumVisualStudioVersion = 10.0.40219.1
Project("{FAE04EC0-301F-11D3-BF4B-00C04F79EFBC}") = "RealEstateApi", "RealEstateApi.csproj", "{C2592448-8C76-732D-BF49-C9C6A1222F19}"
EndProject
Project("{FAE04EC0-301F-11D3-BF4B-00C04F79EFBC}") = "RealEstateApi.Tests", "RealEstateApi.Tests\RealEstateApi.Tests.csproj", "{3D1C6CBE-DC14-4962-BE7D-670E3AA6AB07}"
EndProject
Global
	GlobalSection(SolutionConfigurationPlatforms) = preSolution
		Debug|Any CPU = Debug|Any CPU
		Release|Any CPU = Release|Any CPU
	EndGlobalSection
	GlobalSection(ProjectConfigurationPlatforms) = postSolution
		{C2592448-8C76-732D-BF49-C9C6A1222F19}.Debug|Any CPU.ActiveCfg = Debug|Any CPU
		{C2592448-8C76-732D-BF49-C9C6A1222F19}.Debug|Any CPU.Build.0 = Debug|Any CPU
		{C2592448-8C76-732D-BF49-C9C6A1222F19}.Release|Any CPU.ActiveCfg = Release|Any CPU
		{C2592448-8C76-732D-BF49-C9C6A1222F19}.Release|Any CPU.Build.0 = Release|Any CPU
		{3D1C6CBE-DC14-4962-BE7D-670E3AA6AB07}.Debug|Any CPU.ActiveCfg = Debug|Any CPU
		{3D1C6CBE-DC14-4962-BE7D-670E3AA6AB07}.Debug|Any CPU.Build.0 = Debug|Any CPU
		{3D1C6CBE-DC14-4962-BE7D-670E3AA6AB07}.Release|Any CPU.ActiveCfg = Release|Any CPU
		{3D1C6CBE-DC14-4962-BE7D-670E3AA6AB07}.Release|Any CPU.Build.0 = Release|Any CPU
	EndGlobalSection
	GlobalSection(SolutionProperties) = preSolution
		HideSolutionNode = FALSE
	EndGlobalSection
	GlobalSection(ExtensibilityGlobals) = postSolution
		SolutionGuid = {9B0B22CF-0BA4-4083-932A-BF2761D00D44}
	EndGlobalSection
EndGlobal
