Microsoft Visual Studio Solution File, Format Version 12.00
# Visual Studio Version 17
VisualStudioVersion = 17.5.2.0
MinimumVisualStudioVersion = 10.0.40219.1
Project("{FAE04EC0-301F-11D3-BF4B-00C04F79EFBC}") = "Q10", "Q10.csproj", "{8F3A8D58-599C-58C9-4605-3DBA9F0BEF76}"
EndProject
Global
	GlobalSection(SolutionConfigurationPlatforms) = preSolution
		Debug|Any CPU = Debug|Any CPU
		Release|Any CPU = Release|Any CPU
	EndGlobalSection
	GlobalSection(ProjectConfigurationPlatforms) = postSolution
		{8F3A8D58-599C-58C9-4605-3DBA9F0BEF76}.Debug|Any CPU.ActiveCfg = Debug|Any CPU
		{8F3A8D58-599C-58C9-4605-3DBA9F0BEF76}.Debug|Any CPU.Build.0 = Debug|Any CPU
		{8F3A8D58-599C-58C9-4605-3DBA9F0BEF76}.Release|Any CPU.ActiveCfg = Release|Any CPU
		{8F3A8D58-599C-58C9-4605-3DBA9F0BEF76}.Release|Any CPU.Build.0 = Release|Any CPU
	EndGlobalSection
	GlobalSection(SolutionProperties) = preSolution
		HideSolutionNode = FALSE
	EndGlobalSection
	GlobalSection(ExtensibilityGlobals) = postSolution
		SolutionGuid = {D380B9CD-71BE-455B-8D68-70B216504F90}
	EndGlobalSection
EndGlobal
