Microsoft Visual Studio Solution File, Format Version 12.00
# Visual Studio Version 17
VisualStudioVersion = 17.5.2.0
MinimumVisualStudioVersion = 10.0.40219.1
Project("{FAE04EC0-301F-11D3-BF4B-00C04F79EFBC}") = "Ecommerce.Tests", "Ecommerce.Tests.csproj", "{5CE81730-B2F7-A45A-7721-370126E619FF}"
EndProject
Global
	GlobalSection(SolutionConfigurationPlatforms) = preSolution
		Debug|Any CPU = Debug|Any CPU
		Release|Any CPU = Release|Any CPU
	EndGlobalSection
	GlobalSection(ProjectConfigurationPlatforms) = postSolution
		{5CE81730-B2F7-A45A-7721-370126E619FF}.Debug|Any CPU.ActiveCfg = Debug|Any CPU
		{5CE81730-B2F7-A45A-7721-370126E619FF}.Debug|Any CPU.Build.0 = Debug|Any CPU
		{5CE81730-B2F7-A45A-7721-370126E619FF}.Release|Any CPU.ActiveCfg = Release|Any CPU
		{5CE81730-B2F7-A45A-7721-370126E619FF}.Release|Any CPU.Build.0 = Release|Any CPU
	EndGlobalSection
	GlobalSection(SolutionProperties) = preSolution
		HideSolutionNode = FALSE
	EndGlobalSection
	GlobalSection(ExtensibilityGlobals) = postSolution
		SolutionGuid = {C1A66812-9D9C-4299-AA1C-BE9CF4731B13}
	EndGlobalSection
EndGlobal
